// !$*UTF8*$!
{
	archiveVersion = 1;
	classes = {
	};
	objectVersion = 46;
	objects = {

/* Begin PBXBuildFile section */
		DA4408741D5CD8C1008EC008 /* AppDelegate.swift in Sources */ = {isa = PBXBuildFile; fileRef = DA4408731D5CD8C1008EC008 /* AppDelegate.swift */; };
		DA4408761D5CD8C1008EC008 /* ViewController.swift in Sources */ = {isa = PBXBuildFile; fileRef = DA4408751D5CD8C1008EC008 /* ViewController.swift */; };
		DA4408791D5CD8C1008EC008 /* Main.storyboard in Resources */ = {isa = PBXBuildFile; fileRef = DA4408771D5CD8C1008EC008 /* Main.storyboard */; };
		DA44087B1D5CD8C1008EC008 /* Assets.xcassets in Resources */ = {isa = PBXBuildFile; fileRef = DA44087A1D5CD8C1008EC008 /* Assets.xcassets */; };
		DA44087E1D5CD8C1008EC008 /* LaunchScreen.storyboard in Resources */ = {isa = PBXBuildFile; fileRef = DA44087C1D5CD8C1008EC008 /* LaunchScreen.storyboard */; };
/* End PBXBuildFile section */

/* Begin PBXFileReference section */
		DA4408701D5CD8C1008EC008 /* ValleyDesigner.app */ = {isa = PBXFileReference; explicitFileType = wrapper.application; includeInIndex = 0; path = ValleyDesigner.app; sourceTree = BUILT_PRODUCTS_DIR; };
		DA4408731D5CD8C1008EC008 /* AppDelegate.swift */ = {isa = PBXFileReference; lastKnownFileType = sourcecode.swift; path = AppDelegate.swift; sourceTree = "<group>"; };
		DA4408751D5CD8C1008EC008 /* ViewController.swift */ = {isa = PBXFileReference; lastKnownFileType = sourcecode.swift; path = ViewController.swift; sourceTree = "<group>"; };
		DA4408781D5CD8C1008EC008 /* Base */ = {isa = PBXFileReference; lastKnownFileType = file.storyboard; name = Base; path = Base.lproj/Main.storyboard; sourceTree = "<group>"; };
		DA44087A1D5CD8C1008EC008 /* Assets.xcassets */ = {isa = PBXFileReference; lastKnownFileType = folder.assetcatalog; path = Assets.xcassets; sourceTree = "<group>"; };
		DA44087D1D5CD8C1008EC008 /* Base */ = {isa = PBXFileReference; lastKnownFileType = file.storyboard; name = Base; path = Base.lproj/LaunchScreen.storyboard; sourceTree = "<group>"; };
		DA44087F1D5CD8C1008EC008 /* Info.plist */ = {isa = PBXFileReference; lastKnownFileType = text.plist.xml; path = Info.plist; sourceTree = "<group>"; };
/* End PBXFileReference section */

/* Begin PBXFrameworksBuildPhase section */
		DA44086D1D5CD8C1008EC008 /* Frameworks */ = {
			isa = PBXFrameworksBuildPhase;
			buildActionMask = 2147483647;
			files = (
			);
			runOnlyForDeploymentPostprocessing = 0;
		};
/* End PBXFrameworksBuildPhase section */

/* Begin PBXGroup section */
		DA4408671D5CD8C1008EC008 = {
			isa = PBXGroup;
			children = (
				DA4408721D5CD8C1008EC008 /* ValleyDesigner */,
				DA4408711D5CD8C1008EC008 /* Products */,
			);
			sourceTree = "<group>";
		};
		DA4408711D5CD8C1008EC008 /* Products */ = {
			isa = PBXGroup;
			children = (
				DA4408701D5CD8C1008EC008 /* ValleyDesigner.app */,
			);
			name = Products;
			sourceTree = "<group>";
		};
		DA4408721D5CD8C1008EC008 /* ValleyDesigner */ = {
			isa = PBXGroup;
			children = (
				DA4408731D5CD8C1008EC008 /* AppDelegate.swift */,
				DA4408751D5CD8C1008EC008 /* ViewController.swift */,
				DA4408771D5CD8C1008EC008 /* Main.storyboard */,
				DA44087A1D5CD8C1008EC008 /* Assets.xcassets */,
				DA44087C1D5CD8C1008EC008 /* LaunchScreen.storyboard */,
				DA44087F1D5CD8C1008EC008 /* Info.plist */,
			);
			path = ValleyDesigner;
			sourceTree = "<group>";
		};
/* End PBXGroup section */

/* Begin PBXNativeTarget section */
		DA44086F1D5CD8C1008EC008 /* ValleyDesigner */ = {
			isa = PBXNativeTarget;
			buildConfigurationList = DA4408821D5CD8C1008EC008 /* Build configuration list for PBXNativeTarget "ValleyDesigner" */;
			buildPhases = (
				DA44086C1D5CD8C1008EC008 /* Sources */,
				DA44086D1D5CD8C1008EC008 /* Frameworks */,
				DA44086E1D5CD8C1008EC008 /* Resources */,
			);
			buildRules = (
			);
			dependencies = (
			);
			name = ValleyDesigner;
			productName = ValleyDesigner;
			productReference = DA4408701D5CD8C1008EC008 /* ValleyDesigner.app */;
			productType = "com.apple.product-type.application";
		};
/* End PBXNativeTarget section */

/* Begin PBXProject section */
		DA4408681D5CD8C1008EC008 /* Project object */ = {
			isa = PBXProject;
			attributes = {
				LastSwiftUpdateCheck = 0730;
				LastUpgradeCheck = 0730;
				ORGANIZATIONNAME = "Paul Wood";
				TargetAttributes = {
					DA44086F1D5CD8C1008EC008 = {
						CreatedOnToolsVersion = 7.3.1;
					};
				};
			};
			buildConfigurationList = DA44086B1D5CD8C1008EC008 /* Build configuration list for PBXProject "ValleyDesigner" */;
			compatibilityVersion = "Xcode 3.2";
			developmentRegion = English;
			hasScannedForEncodings = 0;
			knownRegions = (
				en,
				Base,
			);
			mainGroup = DA4408671D5CD8C1008EC008;
			productRefGroup = DA4408711D5CD8C1008EC008 /* Products */;
			projectDirPath = "";
			projectRoot = "";
			targets = (
				DA44086F1D5CD8C1008EC008 /* ValleyDesigner */,
			);
		};
/* End PBXProject section */

/* Begin PBXResourcesBuildPhase section */
		DA44086E1D5CD8C1008EC008 /* Resources */ = {
			isa = PBXResourcesBuildPhase;
			buildActionMask = 2147483647;
			files = (
				DA44087E1D5CD8C1008EC008 /* LaunchScreen.storyboard in Resources */,
				DA44087B1D5CD8C1008EC008 /* Assets.xcassets in Resources */,
				DA4408791D5CD8C1008EC008 /* Main.storyboard in Resources */,
			);
			runOnlyForDeploymentPostprocessing = 0;
		};
/* End PBXResourcesBuildPhase section */

/* Begin PBXSourcesBuildPhase section */
		DA44086C1D5CD8C1008EC008 /* Sources */ = {
			isa = PBXSourcesBuildPhase;
			buildActionMask = 2147483647;
			files = (
				DA4408761D5CD8C1008EC008 /* ViewController.swift in Sources */,
				DA4408741D5CD8C1008EC008 /* AppDelegate.swift in Sources */,
			);
			runOnlyForDeploymentPostprocessing = 0;
		};
/* End PBXSourcesBuildPhase section */

/* Begin PBXVariantGroup section */
		DA4408771D5CD8C1008EC008 /* Main.storyboard */ = {
			isa = PBXVariantGroup;
			children = (
				DA4408781D5CD8C1008EC008 /* Base */,
			);
			name = Main.storyboard;
			sourceTree = "<group>";
		};
		DA44087C1D5CD8C1008EC008 /* LaunchScreen.storyboard */ = {
			isa = PBXVariantGroup;
			children = (
				DA44087D1D5CD8C1008EC008 /* Base */,
			);
			name = LaunchScreen.storyboard;
			sourceTree = "<group>";
		};
/* End PBXVariantGroup section */

/* Begin XCBuildConfiguration section */
		DA4408801D5CD8C1008EC008 /* Debug */ = {
			isa = XCBuildConfiguration;
			buildSettings = {
				ALWAYS_SEARCH_USER_PATHS = NO;
				CLANG_ANALYZER_NONNULL = YES;
				CLANG_CXX_LANGUAGE_STANDARD = "gnu++0x";
				CLANG_CXX_LIBRARY = "libc++";
				CLANG_ENABLE_MODULES = YES;
				CLANG_ENABLE_OBJC_ARC = YES;
				CLANG_WARN_BOOL_CONVERSION = YES;
				CLANG_WARN_CONSTANT_CONVERSION = YES;
				CLANG_WARN_DIRECT_OBJC_ISA_USAGE = YES_ERROR;
				CLANG_WARN_EMPTY_BODY = YES;
				CLANG_WARN_ENUM_CONVERSION = YES;
				CLANG_WARN_INT_CONVERSION = YES;
				CLANG_WARN_OBJC_ROOT_CLASS = YES_ERROR;
				CLANG_WARN_UNREACHABLE_CODE = YES;
				CLANG_WARN__DUPLICATE_METHOD_MATCH = YES;
				"CODE_SIGN_IDENTITY[sdk=iphoneos*]" = "iPhone Developer";
				COPY_PHASE_STRIP = NO;
				DEBUG_INFORMATION_FORMAT = dwarf;
				ENABLE_STRICT_OBJC_MSGSEND = YES;
				ENABLE_TESTABILITY = YES;
				GCC_C_LANGUAGE_STANDARD = gnu99;
				GCC_DYNAMIC_NO_PIC = NO;
				GCC_NO_COMMON_BLOCKS = YES;
				GCC_OPTIMIZATION_LEVEL = 0;
				GCC_PREPROCESSOR_DEFINITIONS = (
					"DEBUG=1",
					"$(inherited)",
				);
				GCC_WARN_64_TO_32_BIT_CONVERSION = YES;
				GCC_WARN_ABOUT_RETURN_TYPE = YES_ERROR;
				GCC_WARN_UNDECLARED_SELECTOR = YES;
				GCC_WARN_UNINITIALIZED_AUTOS = YES_AGGRESSIVE;
				GCC_WARN_UNUSED_FUNCTION = YES;
				GCC_WARN_UNUSED_VARIABLE = YES;
				IPHONEOS_DEPLOYMENT_TARGET = 9.3;
				MTL_ENABLE_DEBUG_INFO = YES;
				ONLY_ACTIVE_ARCH = YES;
				SDKROOT = iphoneos;
				SWIFT_OPTIMIZATION_LEVEL = "-Onone";
				TARGETED_DEVICE_FAMILY = "1,2";
			};
			name = Debug;
		};
		DA4408811D5CD8C1008EC008 /* Release */ = {
			isa = XCBuildConfiguration;
			buildSettings = {
				ALWAYS_SEARCH_USER_PATHS = NO;
				CLANG_ANALYZER_NONNULL = YES;
				CLANG_CXX_LANGUAGE_STANDARD = "gnu++0x";
				CLANG_CXX_LIBRARY = "libc++";
				CLANG_ENABLE_MODULES = YES;
				CLANG_ENABLE_OBJC_ARC = YES;
				CLANG_WARN_BOOL_CONVERSION = YES;
				CLANG_WARN_CONSTANT_CONVERSION = YES;
				CLANG_WARN_DIRECT_OBJC_ISA_USAGE = YES_ERROR;
				CLANG_WARN_EMPTY_BODY = YES;
				CLANG_WARN_ENUM_CONVERSION = YES;
				CLANG_WARN_INT_CONVERSION = YES;
				CLANG_WARN_OBJC_ROOT_CLASS = YES_ERROR;
				CLANG_WARN_UNREACHABLE_CODE = YES;
				CLANG_WARN__DUPLICATE_METHOD_MATCH = YES;
				"CODE_SIGN_IDENTITY[sdk=iphoneos*]" = "iPhone Developer";
				COPY_PHASE_STRIP = NO;
				DEBUG_INFORMATION_FORMAT = "dwarf-with-dsym";
				ENABLE_NS_ASSERTIONS = NO;
				ENABLE_STRICT_OBJC_MSGSEND = YES;
				GCC_C_LANGUAGE_STANDARD = gnu99;
				GCC_NO_COMMON_BLOCKS = YES;
				GCC_WARN_64_TO_32_BIT_CONVERSION = YES;
				GCC_WARN_ABOUT_RETURN_TYPE = YES_ERROR;
				GCC_WARN_UNDECLARED_SELECTOR = YES;
				GCC_WARN_UNINITIALIZED_AUTOS = YES_AGGRESSIVE;
				GCC_WARN_UNUSED_FUNCTION = YES;
				GCC_WARN_UNUSED_VARIABLE = YES;
				IPHONEOS_DEPLOYMENT_TARGET = 9.3;
				MTL_ENABLE_DEBUG_INFO = NO;
				SDKROOT = iphoneos;
				TARGETED_DEVICE_FAMILY = "1,2";
				VALIDATE_PRODUCT = YES;
			};
			name = Release;
		};
		DA4408831D5CD8C1008EC008 /* Debug */ = {
			isa = XCBuildConfiguration;
			buildSettings = {
				ASSETCATALOG_COMPILER_APPICON_NAME = AppIcon;
				INFOPLIST_FILE = ValleyDesigner/Info.plist;
				LD_RUNPATH_SEARCH_PATHS = "$(inherited) @executable_path/Frameworks";
				PRODUCT_BUNDLE_IDENTIFIER = com.paulwoodiii.ValleyDesigner;
				PRODUCT_NAME = "$(TARGET_NAME)";
			};
			name = Debug;
		};
		DA4408841D5CD8C1008EC008 /* Release */ = {
			isa = XCBuildConfiguration;
			buildSettings = {
				ASSETCATALOG_COMPILER_APPICON_NAME = AppIcon;
				INFOPLIST_FILE = ValleyDesigner/Info.plist;
				LD_RUNPATH_SEARCH_PATHS = "$(inherited) @executable_path/Frameworks";
				PRODUCT_BUNDLE_IDENTIFIER = com.paulwoodiii.ValleyDesigner;
				PRODUCT_NAME = "$(TARGET_NAME)";
			};
			name = Release;
		};
/* End XCBuildConfiguration section */

/* Begin XCConfigurationList section */
		DA44086B1D5CD8C1008EC008 /* Build configuration list for PBXProject "ValleyDesigner" */ = {
			isa = XCConfigurationList;
			buildConfigurations = (
				DA4408801D5CD8C1008EC008 /* Debug */,
				DA4408811D5CD8C1008EC008 /* Release */,
			);
			defaultConfigurationIsVisible = 0;
			defaultConfigurationName = Release;
		};
		DA4408821D5CD8C1008EC008 /* Build configuration list for PBXNativeTarget "ValleyDesigner" */ = {
			isa = XCConfigurationList;
			buildConfigurations = (
				DA4408831D5CD8C1008EC008 /* Debug */,
				DA4408841D5CD8C1008EC008 /* Release */,
			);
			defaultConfigurationIsVisible = 0;
		};
/* End XCConfigurationList section */
	};
	rootObject = DA4408681D5CD8C1008EC008 /* Project object */;
}
